
Microsoft Visual Studio Solution File, Format Version 12.00
# Visual Studio 15
VisualStudioVersion = 15.0.27703.2035
MinimumVisualStudioVersion = 10.0.40219.1
Project("{8BC9CEB8-8B4A-11D0-8D11-00A0C91BC942}") = "WinCalculator", "WinCalculator.vcxproj", "{60FCE615-F5B8-4570-99B8-A3622A6108F5}"
EndProject
Global
	GlobalSection(SolutionConfigurationPlatforms) = preSolution
		Debug|x86 = Debug|x86
		Release|x86 = Release|x86
	EndGlobalSection
	GlobalSection(ProjectConfigurationPlatforms) = postSolution
		{60FCE615-F5B8-4570-99B8-A3622A6108F5}.Debug|x86.ActiveCfg = Debug|Win32
		{60FCE615-F5B8-4570-99B8-A3622A6108F5}.Debug|x86.Build.0 = Debug|Win32
		{60FCE615-F5B8-4570-99B8-A3622A6108F5}.Release|x86.ActiveCfg = Release|Win32
		{60FCE615-F5B8-4570-99B8-A3622A6108F5}.Release|x86.Build.0 = Release|Win32
	EndGlobalSection
	GlobalSection(SolutionProperties) = preSolution
		HideSolutionNode = FALSE
	EndGlobalSection
	GlobalSection(ExtensibilityGlobals) = postSolution
		SolutionGuid = {9F8DAA64-27BD-4596-913B-B5C2F735C29E}
	EndGlobalSection
EndGlobal
